
Microsoft Visual Studio Solution File, Format Version 12.00
# Visual Studio 15
VisualStudioVersion = 15.0.28307.421
MinimumVisualStudioVersion = 10.0.40219.1
Project("{FAE04EC0-301F-11D3-BF4B-00C04F79EFBC}") = "Multas", "Multas\Multas.csproj", "{68D217D1-D774-467B-AC7B-0D005F2FA5BD}"
EndProject
Global
	GlobalSection(SolutionConfigurationPlatforms) = preSolution
		Debug|Any CPU = Debug|Any CPU
		Release|Any CPU = Release|Any CPU
	EndGlobalSection
	GlobalSection(ProjectConfigurationPlatforms) = postSolution
		{68D217D1-D774-467B-AC7B-0D005F2FA5BD}.Debug|Any CPU.ActiveCfg = Debug|Any CPU
		{68D217D1-D774-467B-AC7B-0D005F2FA5BD}.Debug|Any CPU.Build.0 = Debug|Any CPU
		{68D217D1-D774-467B-AC7B-0D005F2FA5BD}.Release|Any CPU.ActiveCfg = Release|Any CPU
		{68D217D1-D774-467B-AC7B-0D005F2FA5BD}.Release|Any CPU.Build.0 = Release|Any CPU
	EndGlobalSection
	GlobalSection(SolutionProperties) = preSolution
		HideSolutionNode = FALSE
	EndGlobalSection
	GlobalSection(ExtensibilityGlobals) = postSolution
		SolutionGuid = {36A25C4E-AF31-4897-A87A-9E203AE524F8}
	EndGlobalSection
EndGlobal
